// !$*UTF8*$!
{
	archiveVersion = 1;
	classes = {
	};
	objectVersion = 55;
	objects = {

/* Begin PBXBuildFile section */
		84395E8B2794B77100D8ECCF /* Data.swift in Sources */ = {isa = PBXBuildFile; fileRef = 84395E8A2794B77100D8ECCF /* Data.swift */; };
		84395E8D2794C1EB00D8ECCF /* SmallCardView.swift in Sources */ = {isa = PBXBuildFile; fileRef = 84395E8C2794C1EB00D8ECCF /* SmallCardView.swift */; };
		843D06DA2791BB36003B895F /* FirstSwiftUIAppApp.swift in Sources */ = {isa = PBXBuildFile; fileRef = 843D06D92791BB36003B895F /* FirstSwiftUIAppApp.swift */; };
		843D06DC2791BB36003B895F /* ContentView.swift in Sources */ = {isa = PBXBuildFile; fileRef = 843D06DB2791BB36003B895F /* ContentView.swift */; };
		843D06DE2791BB38003B895F /* Assets.xcassets in Resources */ = {isa = PBXBuildFile; fileRef = 843D06DD2791BB38003B895F /* Assets.xcassets */; };
		843D06E12791BB38003B895F /* Preview Assets.xcassets in Resources */ = {isa = PBXBuildFile; fileRef = 843D06E02791BB38003B895F /* Preview Assets.xcassets */; };
		84D943D82793566D00BABAD4 /* DetailView.swift in Sources */ = {isa = PBXBuildFile; fileRef = 84D943D72793566D00BABAD4 /* DetailView.swift */; };
		84D943DA27935DDF00BABAD4 /* CardView.swift in Sources */ = {isa = PBXBuildFile; fileRef = 84D943D927935DDF00BABAD4 /* CardView.swift */; };
		84D943DC279361BF00BABAD4 /* HomeView.swift in Sources */ = {isa = PBXBuildFile; fileRef = 84D943DB279361BF00BABAD4 /* HomeView.swift */; };
		84D943DE2793683F00BABAD4 /* listView.swift in Sources */ = {isa = PBXBuildFile; fileRef = 84D943DD2793683F00BABAD4 /* listView.swift */; };
		84D943E027936E4300BABAD4 /* ListDesignView.swift in Sources */ = {isa = PBXBuildFile; fileRef = 84D943DF27936E4300BABAD4 /* ListDesignView.swift */; };
/* End PBXBuildFile section */

/* Begin PBXFileReference section */
		84395E8A2794B77100D8ECCF /* Data.swift */ = {isa = PBXFileReference; lastKnownFileType = sourcecode.swift; path = Data.swift; sourceTree = "<group>"; };
		84395E8C2794C1EB00D8ECCF /* SmallCardView.swift */ = {isa = PBXFileReference; lastKnownFileType = sourcecode.swift; path = SmallCardView.swift; sourceTree = "<group>"; };
		843D06D62791BB36003B895F /* FirstSwiftUIApp.app */ = {isa = PBXFileReference; explicitFileType = wrapper.application; includeInIndex = 0; path = FirstSwiftUIApp.app; sourceTree = BUILT_PRODUCTS_DIR; };
		843D06D92791BB36003B895F /* FirstSwiftUIAppApp.swift */ = {isa = PBXFileReference; lastKnownFileType = sourcecode.swift; path = FirstSwiftUIAppApp.swift; sourceTree = "<group>"; };
		843D06DB2791BB36003B895F /* ContentView.swift */ = {isa = PBXFileReference; lastKnownFileType = sourcecode.swift; path = ContentView.swift; sourceTree = "<group>"; };
		843D06DD2791BB38003B895F /* Assets.xcassets */ = {isa = PBXFileReference; lastKnownFileType = folder.assetcatalog; path = Assets.xcassets; sourceTree = "<group>"; };
		843D06E02791BB38003B895F /* Preview Assets.xcassets */ = {isa = PBXFileReference; lastKnownFileType = folder.assetcatalog; path = "Preview Assets.xcassets"; sourceTree = "<group>"; };
		84D943D72793566D00BABAD4 /* DetailView.swift */ = {isa = PBXFileReference; lastKnownFileType = sourcecode.swift; path = DetailView.swift; sourceTree = "<group>"; };
		84D943D927935DDF00BABAD4 /* CardView.swift */ = {isa = PBXFileReference; lastKnownFileType = sourcecode.swift; path = CardView.swift; sourceTree = "<group>"; };
		84D943DB279361BF00BABAD4 /* HomeView.swift */ = {isa = PBXFileReference; lastKnownFileType = sourcecode.swift; path = HomeView.swift; sourceTree = "<group>"; };
		84D943DD2793683F00BABAD4 /* listView.swift */ = {isa = PBXFileReference; lastKnownFileType = sourcecode.swift; path = listView.swift; sourceTree = "<group>"; };
		84D943DF27936E4300BABAD4 /* ListDesignView.swift */ = {isa = PBXFileReference; lastKnownFileType = sourcecode.swift; path = ListDesignView.swift; sourceTree = "<group>"; };
/* End PBXFileReference section */

/* Begin PBXFrameworksBuildPhase section */
		843D06D32791BB36003B895F /* Frameworks */ = {
			isa = PBXFrameworksBuildPhase;
			buildActionMask = 2147483647;
			files = (
			);
			runOnlyForDeploymentPostprocessing = 0;
		};
/* End PBXFrameworksBuildPhase section */

/* Begin PBXGroup section */
		840C7D082794B494001ED89B /* Views */ = {
			isa = PBXGroup;
			children = (
				84D943DF27936E4300BABAD4 /* ListDesignView.swift */,
				84D943DD2793683F00BABAD4 /* listView.swift */,
				84D943DB279361BF00BABAD4 /* HomeView.swift */,
				84D943D72793566D00BABAD4 /* DetailView.swift */,
			);
			path = Views;
			sourceTree = "<group>";
		};
		840C7D092794B515001ED89B /* Components */ = {
			isa = PBXGroup;
			children = (
				84D943D927935DDF00BABAD4 /* CardView.swift */,
				84395E8C2794C1EB00D8ECCF /* SmallCardView.swift */,
			);
			path = Components;
			sourceTree = "<group>";
		};
		840C7D0B2794B56B001ED89B /* Navigation */ = {
			isa = PBXGroup;
			children = (
				843D06DB2791BB36003B895F /* ContentView.swift */,
			);
			path = Navigation;
			sourceTree = "<group>";
		};
		84395E892794B75000D8ECCF /* Data */ = {
			isa = PBXGroup;
			children = (
				84395E8A2794B77100D8ECCF /* Data.swift */,
			);
			path = Data;
			sourceTree = "<group>";
		};
		843D06CD2791BB35003B895F = {
			isa = PBXGroup;
			children = (
				843D06D82791BB36003B895F /* FirstSwiftUIApp */,
				843D06D72791BB36003B895F /* Products */,
			);
			sourceTree = "<group>";
		};
		843D06D72791BB36003B895F /* Products */ = {
			isa = PBXGroup;
			children = (
				843D06D62791BB36003B895F /* FirstSwiftUIApp.app */,
			);
			name = Products;
			sourceTree = "<group>";
		};
		843D06D82791BB36003B895F /* FirstSwiftUIApp */ = {
			isa = PBXGroup;
			children = (
				843D06D92791BB36003B895F /* FirstSwiftUIAppApp.swift */,
				84395E892794B75000D8ECCF /* Data */,
				840C7D0B2794B56B001ED89B /* Navigation */,
				840C7D082794B494001ED89B /* Views */,
				840C7D092794B515001ED89B /* Components */,
				843D06DD2791BB38003B895F /* Assets.xcassets */,
				843D06DF2791BB38003B895F /* Preview Content */,
			);
			path = FirstSwiftUIApp;
			sourceTree = "<group>";
		};
		843D06DF2791BB38003B895F /* Preview Content */ = {
			isa = PBXGroup;
			children = (
				843D06E02791BB38003B895F /* Preview Assets.xcassets */,
			);
			path = "Preview Content";
			sourceTree = "<group>";
		};
/* End PBXGroup section */

/* Begin PBXNativeTarget section */
		843D06D52791BB36003B895F /* FirstSwiftUIApp */ = {
			isa = PBXNativeTarget;
			buildConfigurationList = 843D06E42791BB38003B895F /* Build configuration list for PBXNativeTarget "FirstSwiftUIApp" */;
			buildPhases = (
				843D06D22791BB36003B895F /* Sources */,
				843D06D32791BB36003B895F /* Frameworks */,
				843D06D42791BB36003B895F /* Resources */,
			);
			buildRules = (
			);
			dependencies = (
			);
			name = FirstSwiftUIApp;
			productName = FirstSwiftUIApp;
			productReference = 843D06D62791BB36003B895F /* FirstSwiftUIApp.app */;
			productType = "com.apple.product-type.application";
		};
/* End PBXNativeTarget section */

/* Begin PBXProject section */
		843D06CE2791BB35003B895F /* Project object */ = {
			isa = PBXProject;
			attributes = {
				BuildIndependentTargetsInParallel = 1;
				LastSwiftUpdateCheck = 1310;
				LastUpgradeCheck = 1310;
				TargetAttributes = {
					843D06D52791BB36003B895F = {
						CreatedOnToolsVersion = 13.1;
					};
				};
			};
			buildConfigurationList = 843D06D12791BB35003B895F /* Build configuration list for PBXProject "FirstSwiftUIApp" */;
			compatibilityVersion = "Xcode 13.0";
			developmentRegion = en;
			hasScannedForEncodings = 0;
			knownRegions = (
				en,
				Base,
			);
			mainGroup = 843D06CD2791BB35003B895F;
			productRefGroup = 843D06D72791BB36003B895F /* Products */;
			projectDirPath = "";
			projectRoot = "";
			targets = (
				843D06D52791BB36003B895F /* FirstSwiftUIApp */,
			);
		};
/* End PBXProject section */

/* Begin PBXResourcesBuildPhase section */
		843D06D42791BB36003B895F /* Resources */ = {
			isa = PBXResourcesBuildPhase;
			buildActionMask = 2147483647;
			files = (
				843D06E12791BB38003B895F /* Preview Assets.xcassets in Resources */,
				843D06DE2791BB38003B895F /* Assets.xcassets in Resources */,
			);
			runOnlyForDeploymentPostprocessing = 0;
		};
/* End PBXResourcesBuildPhase section */

/* Begin PBXSourcesBuildPhase section */
		843D06D22791BB36003B895F /* Sources */ = {
			isa = PBXSourcesBuildPhase;
			buildActionMask = 2147483647;
			files = (
				843D06DC2791BB36003B895F /* ContentView.swift in Sources */,
				84395E8D2794C1EB00D8ECCF /* SmallCardView.swift in Sources */,
				84D943D82793566D00BABAD4 /* DetailView.swift in Sources */,
				84395E8B2794B77100D8ECCF /* Data.swift in Sources */,
				84D943E027936E4300BABAD4 /* ListDesignView.swift in Sources */,
				84D943DA27935DDF00BABAD4 /* CardView.swift in Sources */,
				84D943DC279361BF00BABAD4 /* HomeView.swift in Sources */,
				84D943DE2793683F00BABAD4 /* listView.swift in Sources */,
				843D06DA2791BB36003B895F /* FirstSwiftUIAppApp.swift in Sources */,
			);
			runOnlyForDeploymentPostprocessing = 0;
		};
/* End PBXSourcesBuildPhase section */

/* Begin XCBuildConfiguration section */
		843D06E22791BB38003B895F /* Debug */ = {
			isa = XCBuildConfiguration;
			buildSettings = {
				ALWAYS_SEARCH_USER_PATHS = NO;
				CLANG_ANALYZER_NONNULL = YES;
				CLANG_ANALYZER_NUMBER_OBJECT_CONVERSION = YES_AGGRESSIVE;
				CLANG_CXX_LANGUAGE_STANDARD = "gnu++17";
				CLANG_CXX_LIBRARY = "libc++";
				CLANG_ENABLE_MODULES = YES;
				CLANG_ENABLE_OBJC_ARC = YES;
				CLANG_ENABLE_OBJC_WEAK = YES;
				CLANG_WARN_BLOCK_CAPTURE_AUTORELEASING = YES;
				CLANG_WARN_BOOL_CONVERSION = YES;
				CLANG_WARN_COMMA = YES;
				CLANG_WARN_CONSTANT_CONVERSION = YES;
				CLANG_WARN_DEPRECATED_OBJC_IMPLEMENTATIONS = YES;
				CLANG_WARN_DIRECT_OBJC_ISA_USAGE = YES_ERROR;
				CLANG_WARN_DOCUMENTATION_COMMENTS = YES;
				CLANG_WARN_EMPTY_BODY = YES;
				CLANG_WARN_ENUM_CONVERSION = YES;
				CLANG_WARN_INFINITE_RECURSION = YES;
				CLANG_WARN_INT_CONVERSION = YES;
				CLANG_WARN_NON_LITERAL_NULL_CONVERSION = YES;
				CLANG_WARN_OBJC_IMPLICIT_RETAIN_SELF = YES;
				CLANG_WARN_OBJC_LITERAL_CONVERSION = YES;
				CLANG_WARN_OBJC_ROOT_CLASS = YES_ERROR;
				CLANG_WARN_QUOTED_INCLUDE_IN_FRAMEWORK_HEADER = YES;
				CLANG_WARN_RANGE_LOOP_ANALYSIS = YES;
				CLANG_WARN_STRICT_PROTOTYPES = YES;
				CLANG_WARN_SUSPICIOUS_MOVE = YES;
				CLANG_WARN_UNGUARDED_AVAILABILITY = YES_AGGRESSIVE;
				CLANG_WARN_UNREACHABLE_CODE = YES;
				CLANG_WARN__DUPLICATE_METHOD_MATCH = YES;
				COPY_PHASE_STRIP = NO;
				DEBUG_INFORMATION_FORMAT = dwarf;
				ENABLE_STRICT_OBJC_MSGSEND = YES;
				ENABLE_TESTABILITY = YES;
				GCC_C_LANGUAGE_STANDARD = gnu11;
				GCC_DYNAMIC_NO_PIC = NO;
				GCC_NO_COMMON_BLOCKS = YES;
				GCC_OPTIMIZATION_LEVEL = 0;
				GCC_PREPROCESSOR_DEFINITIONS = (
					"DEBUG=1",
					"$(inherited)",
				);
				GCC_WARN_64_TO_32_BIT_CONVERSION = YES;
				GCC_WARN_ABOUT_RETURN_TYPE = YES_ERROR;
				GCC_WARN_UNDECLARED_SELECTOR = YES;
				GCC_WARN_UNINITIALIZED_AUTOS = YES_AGGRESSIVE;
				GCC_WARN_UNUSED_FUNCTION = YES;
				GCC_WARN_UNUSED_VARIABLE = YES;
				IPHONEOS_DEPLOYMENT_TARGET = 15.0;
				MTL_ENABLE_DEBUG_INFO = INCLUDE_SOURCE;
				MTL_FAST_MATH = YES;
				ONLY_ACTIVE_ARCH = YES;
				SDKROOT = iphoneos;
				SWIFT_ACTIVE_COMPILATION_CONDITIONS = DEBUG;
				SWIFT_OPTIMIZATION_LEVEL = "-Onone";
			};
			name = Debug;
		};
		843D06E32791BB38003B895F /* Release */ = {
			isa = XCBuildConfiguration;
			buildSettings = {
				ALWAYS_SEARCH_USER_PATHS = NO;
				CLANG_ANALYZER_NONNULL = YES;
				CLANG_ANALYZER_NUMBER_OBJECT_CONVERSION = YES_AGGRESSIVE;
				CLANG_CXX_LANGUAGE_STANDARD = "gnu++17";
				CLANG_CXX_LIBRARY = "libc++";
				CLANG_ENABLE_MODULES = YES;
				CLANG_ENABLE_OBJC_ARC = YES;
				CLANG_ENABLE_OBJC_WEAK = YES;
				CLANG_WARN_BLOCK_CAPTURE_AUTORELEASING = YES;
				CLANG_WARN_BOOL_CONVERSION = YES;
				CLANG_WARN_COMMA = YES;
				CLANG_WARN_CONSTANT_CONVERSION = YES;
				CLANG_WARN_DEPRECATED_OBJC_IMPLEMENTATIONS = YES;
				CLANG_WARN_DIRECT_OBJC_ISA_USAGE = YES_ERROR;
				CLANG_WARN_DOCUMENTATION_COMMENTS = YES;
				CLANG_WARN_EMPTY_BODY = YES;
				CLANG_WARN_ENUM_CONVERSION = YES;
				CLANG_WARN_INFINITE_RECURSION = YES;
				CLANG_WARN_INT_CONVERSION = YES;
				CLANG_WARN_NON_LITERAL_NULL_CONVERSION = YES;
				CLANG_WARN_OBJC_IMPLICIT_RETAIN_SELF = YES;
				CLANG_WARN_OBJC_LITERAL_CONVERSION = YES;
				CLANG_WARN_OBJC_ROOT_CLASS = YES_ERROR;
				CLANG_WARN_QUOTED_INCLUDE_IN_FRAMEWORK_HEADER = YES;
				CLANG_WARN_RANGE_LOOP_ANALYSIS = YES;
				CLANG_WARN_STRICT_PROTOTYPES = YES;
				CLANG_WARN_SUSPICIOUS_MOVE = YES;
				CLANG_WARN_UNGUARDED_AVAILABILITY = YES_AGGRESSIVE;
				CLANG_WARN_UNREACHABLE_CODE = YES;
				CLANG_WARN__DUPLICATE_METHOD_MATCH = YES;
				COPY_PHASE_STRIP = NO;
				DEBUG_INFORMATION_FORMAT = "dwarf-with-dsym";
				ENABLE_NS_ASSERTIONS = NO;
				ENABLE_STRICT_OBJC_MSGSEND = YES;
				GCC_C_LANGUAGE_STANDARD = gnu11;
				GCC_NO_COMMON_BLOCKS = YES;
				GCC_WARN_64_TO_32_BIT_CONVERSION = YES;
				GCC_WARN_ABOUT_RETURN_TYPE = YES_ERROR;
				GCC_WARN_UNDECLARED_SELECTOR = YES;
				GCC_WARN_UNINITIALIZED_AUTOS = YES_AGGRESSIVE;
				GCC_WARN_UNUSED_FUNCTION = YES;
				GCC_WARN_UNUSED_VARIABLE = YES;
				IPHONEOS_DEPLOYMENT_TARGET = 15.0;
				MTL_ENABLE_DEBUG_INFO = NO;
				MTL_FAST_MATH = YES;
				SDKROOT = iphoneos;
				SWIFT_COMPILATION_MODE = wholemodule;
				SWIFT_OPTIMIZATION_LEVEL = "-O";
				VALIDATE_PRODUCT = YES;
			};
			name = Release;
		};
		843D06E52791BB38003B895F /* Debug */ = {
			isa = XCBuildConfiguration;
			buildSettings = {
				ASSETCATALOG_COMPILER_APPICON_NAME = AppIcon;
				ASSETCATALOG_COMPILER_GLOBAL_ACCENT_COLOR_NAME = AccentColor;
				CODE_SIGN_STYLE = Automatic;
				CURRENT_PROJECT_VERSION = 1;
				DEVELOPMENT_ASSET_PATHS = "\"FirstSwiftUIApp/Preview Content\"";
				ENABLE_PREVIEWS = YES;
				GENERATE_INFOPLIST_FILE = YES;
				INFOPLIST_KEY_UIApplicationSceneManifest_Generation = YES;
				INFOPLIST_KEY_UIApplicationSupportsIndirectInputEvents = YES;
				INFOPLIST_KEY_UILaunchScreen_Generation = YES;
				INFOPLIST_KEY_UISupportedInterfaceOrientations_iPad = "UIInterfaceOrientationPortrait UIInterfaceOrientationPortraitUpsideDown UIInterfaceOrientationLandscapeLeft UIInterfaceOrientationLandscapeRight";
				INFOPLIST_KEY_UISupportedInterfaceOrientations_iPhone = "UIInterfaceOrientationPortrait UIInterfaceOrientationLandscapeLeft UIInterfaceOrientationLandscapeRight";
				LD_RUNPATH_SEARCH_PATHS = (
					"$(inherited)",
					"@executable_path/Frameworks",
				);
				MARKETING_VERSION = 1.0;
				PRODUCT_BUNDLE_IDENTIFIER = one.FirstSwiftUIApp;
				PRODUCT_NAME = "$(TARGET_NAME)";
				SWIFT_EMIT_LOC_STRINGS = YES;
				SWIFT_VERSION = 5.0;
				TARGETED_DEVICE_FAMILY = "1,2";
			};
			name = Debug;
		};
		843D06E62791BB38003B895F /* Release */ = {
			isa = XCBuildConfiguration;
			buildSettings = {
				ASSETCATALOG_COMPILER_APPICON_NAME = AppIcon;
				ASSETCATALOG_COMPILER_GLOBAL_ACCENT_COLOR_NAME = AccentColor;
				CODE_SIGN_STYLE = Automatic;
				CURRENT_PROJECT_VERSION = 1;
				DEVELOPMENT_ASSET_PATHS = "\"FirstSwiftUIApp/Preview Content\"";
				ENABLE_PREVIEWS = YES;
				GENERATE_INFOPLIST_FILE = YES;
				INFOPLIST_KEY_UIApplicationSceneManifest_Generation = YES;
				INFOPLIST_KEY_UIApplicationSupportsIndirectInputEvents = YES;
				INFOPLIST_KEY_UILaunchScreen_Generation = YES;
				INFOPLIST_KEY_UISupportedInterfaceOrientations_iPad = "UIInterfaceOrientationPortrait UIInterfaceOrientationPortraitUpsideDown UIInterfaceOrientationLandscapeLeft UIInterfaceOrientationLandscapeRight";
				INFOPLIST_KEY_UISupportedInterfaceOrientations_iPhone = "UIInterfaceOrientationPortrait UIInterfaceOrientationLandscapeLeft UIInterfaceOrientationLandscapeRight";
				LD_RUNPATH_SEARCH_PATHS = (
					"$(inherited)",
					"@executable_path/Frameworks",
				);
				MARKETING_VERSION = 1.0;
				PRODUCT_BUNDLE_IDENTIFIER = one.FirstSwiftUIApp;
				PRODUCT_NAME = "$(TARGET_NAME)";
				SWIFT_EMIT_LOC_STRINGS = YES;
				SWIFT_VERSION = 5.0;
				TARGETED_DEVICE_FAMILY = "1,2";
			};
			name = Release;
		};
/* End XCBuildConfiguration section */

/* Begin XCConfigurationList section */
		843D06D12791BB35003B895F /* Build configuration list for PBXProject "FirstSwiftUIApp" */ = {
			isa = XCConfigurationList;
			buildConfigurations = (
				843D06E22791BB38003B895F /* Debug */,
				843D06E32791BB38003B895F /* Release */,
			);
			defaultConfigurationIsVisible = 0;
			defaultConfigurationName = Release;
		};
		843D06E42791BB38003B895F /* Build configuration list for PBXNativeTarget "FirstSwiftUIApp" */ = {
			isa = XCConfigurationList;
			buildConfigurations = (
				843D06E52791BB38003B895F /* Debug */,
				843D06E62791BB38003B895F /* Release */,
			);
			defaultConfigurationIsVisible = 0;
			defaultConfigurationName = Release;
		};
/* End XCConfigurationList section */
	};
	rootObject = 843D06CE2791BB35003B895F /* Project object */;
}
